Microsoft Visual Studio Solution File, Format Version 12.00
Project("{9A19103F-16F7-4668-BE54-9A1E7A4F7556}") = "Core.Enumeration", "Core.Enumeration.csproj", "{0797D5B5-28D6-4E79-88CD-6810209DBD06}"
EndProject
Global
	GlobalSection(SolutionConfigurationPlatforms) = preSolution
		Testing|Any CPU = Testing|Any CPU
		Local|Any CPU = Local|Any CPU
		Debug|Any CPU = Debug|Any CPU
		Staging|Any CPU = Staging|Any CPU
		Release|Any CPU = Release|Any CPU
	EndGlobalSection
	GlobalSection(ProjectConfigurationPlatforms) = postSolution
		{0797D5B5-28D6-4E79-88CD-6810209DBD06}.Testing|Any CPU.ActiveCfg = Testing|Any CPU
		{0797D5B5-28D6-4E79-88CD-6810209DBD06}.Testing|Any CPU.Build.0 = Testing|Any CPU
		{0797D5B5-28D6-4E79-88CD-6810209DBD06}.Local|Any CPU.ActiveCfg = Local|Any CPU
		{0797D5B5-28D6-4E79-88CD-6810209DBD06}.Local|Any CPU.Build.0 = Local|Any CPU
		{0797D5B5-28D6-4E79-88CD-6810209DBD06}.Debug|Any CPU.ActiveCfg = Debug|Any CPU
		{0797D5B5-28D6-4E79-88CD-6810209DBD06}.Debug|Any CPU.Build.0 = Debug|Any CPU
		{0797D5B5-28D6-4E79-88CD-6810209DBD06}.Staging|Any CPU.ActiveCfg = Staging|Any CPU
		{0797D5B5-28D6-4E79-88CD-6810209DBD06}.Staging|Any CPU.Build.0 = Staging|Any CPU
		{0797D5B5-28D6-4E79-88CD-6810209DBD06}.Release|Any CPU.ActiveCfg = Release|Any CPU
		{0797D5B5-28D6-4E79-88CD-6810209DBD06}.Release|Any CPU.Build.0 = Release|Any CPU
	EndGlobalSection
	GlobalSection(SolutionProperties) = preSolution
		HideSolutionNode = FALSE
	EndGlobalSection
	GlobalSection(ExtensibilityGlobals) = postSolution
		SolutionGuid = {E295306B-D3D9-44E2-B1A9-E5E025842AA8}
	EndGlobalSection
EndGlobal
